
Microsoft Visual Studio Solution File, Format Version 12.00
# Visual Studio 15
VisualStudioVersion = 15.0.27703.2026
MinimumVisualStudioVersion = 10.0.40219.1
Project("{FAE04EC0-301F-11D3-BF4B-00C04F79EFBC}") = "Project5", "Project5\Project5.csproj", "{964A5BDA-FA61-40A7-B030-832062E03B74}"
EndProject
Global
	GlobalSection(SolutionConfigurationPlatforms) = preSolution
		Debug|Any CPU = Debug|Any CPU
		Release|Any CPU = Release|Any CPU
	EndGlobalSection
	GlobalSection(ProjectConfigurationPlatforms) = postSolution
		{964A5BDA-FA61-40A7-B030-832062E03B74}.Debug|Any CPU.ActiveCfg = Debug|Any CPU
		{964A5BDA-FA61-40A7-B030-832062E03B74}.Debug|Any CPU.Build.0 = Debug|Any CPU
		{964A5BDA-FA61-40A7-B030-832062E03B74}.Release|Any CPU.ActiveCfg = Release|Any CPU
		{964A5BDA-FA61-40A7-B030-832062E03B74}.Release|Any CPU.Build.0 = Release|Any CPU
	EndGlobalSection
	GlobalSection(SolutionProperties) = preSolution
		HideSolutionNode = FALSE
	EndGlobalSection
	GlobalSection(ExtensibilityGlobals) = postSolution
		SolutionGuid = {00FD5A2E-2DAF-4AE9-BC6C-5C8134DAFBCB}
	EndGlobalSection
EndGlobal
